{
  "name": "hotelbooking",
  "version": "1.0.0",
  "lockfileVersion": 1,
  "requires": true,
  "dependencies": {
    "@babel/runtime": {
      "version": "7.18.3",
      "resolved": "https://registry.npmjs.org/@babel/runtime/-/runtime-7.18.3.tgz",
      "integrity": "sha512-38Y8f7YUhce/K7RMwTp7m0uCumpv9hZkitCbBClqQIow1qSbCvGkcegKOXpEWCQLfWmevgRiWokZ1GkpfhbZug==",
      "requires": {
        "regenerator-runtime": "^0.13.4"
      }
    },
    "@chakra-ui/accordion": {
      "version": "2.0.3",
      "resolved": "https://registry.npmjs.org/@chakra-ui/accordion/-/accordion-2.0.3.tgz",
      "integrity": "sha512-3fu5q6I6QtYVfpBHK+xxIkZ3b/spHgDongXuKuLEJZswcSU8+X5B9YmNfv73ZMRKO3PboYtyHAmZZo4pYqzbbA==",
      "requires": {
        "@chakra-ui/descendant": "3.0.2",
        "@chakra-ui/hooks": "2.0.2",
        "@chakra-ui/icon": "3.0.2",
        "@chakra-ui/react-utils": "2.0.1",
        "@chakra-ui/transition": "2.0.2",
        "@chakra-ui/utils": "2.0.2"
      }
    },
    "@chakra-ui/alert": {
      "version": "2.0.2",
      "resolved": "https://registry.npmjs.org/@chakra-ui/alert/-/alert-2.0.2.tgz",
      "integrity": "sha512-QqXFYeX74mHSVp5Peqc+0CkYGQlvKQzpvOKkn00M3ZczsgVxoDNrUv0PI2V3fuZDwo1ziLBGJsjgMFbJ+JrYgA==",
      "requires": {
        "@chakra-ui/icon": "3.0.2",
        "@chakra-ui/react-utils": "2.0.1",
        "@chakra-ui/spinner": "^2.0.2",
        "@chakra-ui/utils": "2.0.2"
      }
    },
    "@chakra-ui/anatomy": {
      "version": "2.0.1",
      "resolved": "https://registry.npmjs.org/@chakra-ui/anatomy/-/anatomy-2.0.1.tgz",
      "integrity": "sha512-lbOUfPmCtgIe0G7Iu6C2MaFP3FKOHgKWxDrYc3498TQ7/z5N1r7AO6jB+gFRGDbxJNLjRGOLG7tV0bufagGTUw==",
      "requires": {
        "@chakra-ui/theme-tools": "^2.0.2"
      }
    },
    "@chakra-ui/avatar": {
      "version": "2.0.3",
      "resolved": "https://registry.npmjs.org/@chakra-ui/avatar/-/avatar-2.0.3.tgz",
      "integrity": "sha512-LbCQBJzDLkx2jqOjuEG5zOWA5njEAhUlQ3GnSkqOGaiDQWgM6eSLxWkgpI5fKhBlZ2OvMxjSSFaCCpf8wvU+YQ==",
      "requires": {
        "@chakra-ui/image": "2.0.3",
        "@chakra-ui/react-utils": "2.0.1",
        "@chakra-ui/utils": "2.0.2"
      }
    },
    "@chakra-ui/breadcrumb": {
      "version": "2.0.2",
      "resolved": "https://registry.npmjs.org/@chakra-ui/breadcrumb/-/breadcrumb-2.0.2.tgz",
      "integrity": "sha512-rJOkgaWqtxaPfISNXjhl9J4efD96FBnQnAKQJZtlG3WpWmIse/BPv1Pg4OCexPTBQQSwFkbTBgBD0lWD/i2UUw==",
      "requires": {
        "@chakra-ui/react-utils": "2.0.1",
        "@chakra-ui/utils": "2.0.2"
      }
    },
    "@chakra-ui/button": {
      "version": "2.0.2",
      "resolved": "https://registry.npmjs.org/@chakra-ui/button/-/button-2.0.2.tgz",
      "integrity": "sha512-l2RE1031HR+vVqNQhfrJCuC1OzKTTLmyA8+ScGZhjV6G4LWGzU5LfsyGAXq53l1lFcx6O9XJzfgnxAvnGGKJsw==",
      "requires": {
        "@chakra-ui/hooks": "2.0.2",
        "@chakra-ui/react-utils": "2.0.1",
        "@chakra-ui/spinner": "2.0.2",
        "@chakra-ui/utils": "2.0.2"
      }
    },
    "@chakra-ui/checkbox": {
      "version": "2.1.0",
      "resolved": "https://registry.npmjs.org/@chakra-ui/checkbox/-/checkbox-2.1.0.tgz",
      "integrity": "sha512-LPKhJM/IMp8LKdr52PVfSGAnmqcgwTMPcjyWT8jXQ3OhEXRUKc5rSUORmPtJmffNLjLq1nPCcSMWQsVHhJ9MXw==",
      "requires": {
        "@chakra-ui/form-control": "2.0.2",
        "@chakra-ui/hooks": "2.0.2",
        "@chakra-ui/react-utils": "2.0.1",
        "@chakra-ui/utils": "2.0.2",
        "@chakra-ui/visually-hidden": "2.0.2",
        "@zag-js/focus-visible": "0.1.0"
      }
    },
    "@chakra-ui/clickable": {
      "version": "2.0.2",
      "resolved": "https://registry.npmjs.org/@chakra-ui/clickable/-/clickable-2.0.2.tgz",
      "integrity": "sha512-Zn0Hd9BCGVNMOXerUlfmOdCeVAyl6XYo5WC/Skm/REAQygk22/WjV42sLeT+1+bpOLpSvO4ZnheXfD5sIuDdfA==",
      "requires": {
        "@chakra-ui/react-utils": "2.0.1",
        "@chakra-ui/utils": "2.0.2"
      }
    },
    "@chakra-ui/close-button": {
      "version": "2.0.2",
      "resolved": "https://registry.npmjs.org/@chakra-ui/close-button/-/close-button-2.0.2.tgz",
      "integrity": "sha512-aIpkIQdmbuKTiM1IuZRI4iUPzcaWla8mXysKIL+M6g0QbpaO/Xw3eucnAS0qO24djCzkcCZSLnHsEimBOBJdgA==",
      "requires": {
        "@chakra-ui/icon": "3.0.2",
        "@chakra-ui/utils": "2.0.2"
      }
    },
    "@chakra-ui/color-mode": {
      "version": "2.0.4",
      "resolved": "https://registry.npmjs.org/@chakra-ui/color-mode/-/color-mode-2.0.4.tgz",
      "integrity": "sha512-DIR6CSPlkmi92LDR3IhjIediLk7GFWttlTUvJQP06ZUvN+iCpd5TjgchxOYzqlP4T9W0L62eZXsluOxmRF/JSQ==",
      "requires": {
        "@chakra-ui/hooks": "2.0.2",
        "@chakra-ui/utils": "2.0.2"
      }
    },
    "@chakra-ui/control-box": {
      "version": "2.0.2",
      "resolved": "https://registry.npmjs.org/@chakra-ui/control-box/-/control-box-2.0.2.tgz",
      "integrity": "sha512-D3vQoyCRjAwCmB39jFvTv+fAXmALLhScXe6s/S7rdgSYxuSEksuGlNjvBUYAVwDXeE2sjDoeWMvrHydRGv44Bw==",
      "requires": {
        "@chakra-ui/utils": "2.0.2"
      }
    },
    "@chakra-ui/counter": {
      "version": "2.0.2",
      "resolved": "https://registry.npmjs.org/@chakra-ui/counter/-/counter-2.0.2.tgz",
      "integrity": "sha512-mRYrnu1924spsPU5GaHSbaoX28Gbzf8PDkO6Y1R6r6MQKTLjpdbkFmyG0QyEixD8aoaSaCO7iVbJRnUJ+dhlww==",
      "requires": {
        "@chakra-ui/hooks": "2.0.2",
        "@chakra-ui/utils": "2.0.2"
      }
    },
    "@chakra-ui/css-reset": {
      "version": "2.0.1",
      "resolved": "https://registry.npmjs.org/@chakra-ui/css-reset/-/css-reset-2.0.1.tgz",
      "integrity": "sha512-8RhAC7l5RHp9hNDN2M2feZ2wPaoSrgxzqx6VqLTIul2lwucpp1LTlrDlPCBMJe8fp51Q83IOCW4882ktsXxktA=="
    },
    "@chakra-ui/descendant": {
      "version": "3.0.2",
      "resolved": "https://registry.npmjs.org/@chakra-ui/descendant/-/descendant-3.0.2.tgz",
      "integrity": "sha512-BV4IpONYr52V7rJnEYj5Ej946HD2BTOgOQpSB/LMeITfkp51/O9pOayNoVghYW7cFts+Opy4YmvLcuxFhWrD3Q==",
      "requires": {
        "@chakra-ui/react-utils": "^2.0.1"
      }
    },
    "@chakra-ui/editable": {
      "version": "2.0.2",
      "resolved": "https://registry.npmjs.org/@chakra-ui/editable/-/editable-2.0.2.tgz",
      "integrity": "sha512-hZBD4K1i3a8+RnW5jaoVfHeEm0zDKcyZ7yZCNGmmM7sz2LAw/LdE6+IKBoEbXc5Gf8KnEs9eH/TBcPDhS9KUQg==",
      "requires": {
        "@chakra-ui/hooks": "2.0.2",
        "@chakra-ui/react-utils": "2.0.1",
        "@chakra-ui/utils": "2.0.2"
      }
    },
    "@chakra-ui/focus-lock": {
      "version": "2.0.3",
      "resolved": "https://registry.npmjs.org/@chakra-ui/focus-lock/-/focus-lock-2.0.3.tgz",
      "integrity": "sha512-QcKUy0n26T1qOEoqk9rDmr9tumZs/+VXh9gIhWYKlmScm8Dy87qCMfOJ2M8/sUCQcqypl8SwlONQdiCZ99FUFQ==",
      "requires": {
        "@chakra-ui/utils": "2.0.2",
        "react-focus-lock": "^2.9.1"
      }
    },
    "@chakra-ui/form-control": {
      "version": "2.0.2",
      "resolved": "https://registry.npmjs.org/@chakra-ui/form-control/-/form-control-2.0.2.tgz",
      "integrity": "sha512-uelLKIZgrcahvodEAd2WjdCJUus9q9Wq++KliN+8VIhPti89s8eewyDh3xWvurbgby+oGkHyjDMmxHrkfa3YYQ==",
      "requires": {
        "@chakra-ui/hooks": "2.0.2",
        "@chakra-ui/icon": "3.0.2",
        "@chakra-ui/react-utils": "2.0.1",
        "@chakra-ui/utils": "2.0.2"
      }
    },
    "@chakra-ui/hooks": {
      "version": "2.0.2",
      "resolved": "https://registry.npmjs.org/@chakra-ui/hooks/-/hooks-2.0.2.tgz",
      "integrity": "sha512-3B4zsl51tevmO6T6xUKcclwxf4FClKtScaNvb8jMmVczTGRL7WhZ6LxXeYUJMms11C8W9uZczE5yXSP0qweeAw==",
      "requires": {
        "@chakra-ui/react-utils": "2.0.1",
        "@chakra-ui/utils": "2.0.2",
        "compute-scroll-into-view": "1.0.14",
        "copy-to-clipboard": "3.3.1"
      }
    },
    "@chakra-ui/icon": {
      "version": "3.0.2",
      "resolved": "https://registry.npmjs.org/@chakra-ui/icon/-/icon-3.0.2.tgz",
      "integrity": "sha512-sas37byldn5O/TTIKHzxHBujEYqVPXegisoMqutLtF60fpXnb62aG1JTyorXSG3zJxJWQW7+AvjbOGyWKHXc0Q==",
      "requires": {
        "@chakra-ui/utils": "2.0.2"
      }
    },
    "@chakra-ui/image": {
      "version": "2.0.3",
      "resolved": "https://registry.npmjs.org/@chakra-ui/image/-/image-2.0.3.tgz",
      "integrity": "sha512-GLMJXLdR0y7CCZ0hKHf6YZLb8dlPpx4vdXWTbtLnIU5EfGIOSiCU4N3+0KcjvMtDB69hBr5W4h1XMJNpetP1EA==",
      "requires": {
        "@chakra-ui/hooks": "2.0.2",
        "@chakra-ui/utils": "2.0.2"
      }
    },
    "@chakra-ui/input": {
      "version": "2.0.2",
      "resolved": "https://registry.npmjs.org/@chakra-ui/input/-/input-2.0.2.tgz",
      "integrity": "sha512-ODwdlsLha+EBPFSnCEqWjlndeXaL4cXvCk4rrKuvs9vexhOBr+X9V6KNn5Rmn/bXah+Wsrn+5g6T9V7BvRES3Q==",
      "requires": {
        "@chakra-ui/form-control": "2.0.2",
        "@chakra-ui/react-utils": "2.0.1",
        "@chakra-ui/utils": "2.0.2"
      }
    },
    "@chakra-ui/layout": {
      "version": "2.0.2",
      "resolved": "https://registry.npmjs.org/@chakra-ui/layout/-/layout-2.0.2.tgz",
      "integrity": "sha512-iElUGxj8YmVGcaCQlQovJJC4APHMh5vwlZU37IC6W3FdJzv+orVhzbuB98tuzfWHxjKQZeGhcz7+npIkN87D5w==",
      "requires": {
        "@chakra-ui/icon": "3.0.2",
        "@chakra-ui/react-utils": "2.0.1",
        "@chakra-ui/utils": "2.0.2"
      }
    },
    "@chakra-ui/live-region": {
      "version": "2.0.2",
      "resolved": "https://registry.npmjs.org/@chakra-ui/live-region/-/live-region-2.0.2.tgz",
      "integrity": "sha512-aRJRaJInqNkFRRIjW57SPNhj7ngxh0xkdQZeOohvOcd7VbjvHNgXO1glKjIXRzSRHyteCdGUzb/jo68NizE3bQ==",
      "requires": {
        "@chakra-ui/utils": "2.0.2"
      }
    },
    "@chakra-ui/media-query": {
      "version": "3.1.0",
      "resolved": "https://registry.npmjs.org/@chakra-ui/media-query/-/media-query-3.1.0.tgz",
      "integrity": "sha512-E05PUom+izNILJff0Yje8OMWHVN5C2H2A/F0aaptIJ+600YNWn5CuGvdlSMb/VWHziHT7u5xyrtv0mdbxMlYBA==",
      "requires": {
        "@chakra-ui/react-env": "2.0.2",
        "@chakra-ui/utils": "2.0.2"
      }
    },
    "@chakra-ui/menu": {
      "version": "2.0.3",
      "resolved": "https://registry.npmjs.org/@chakra-ui/menu/-/menu-2.0.3.tgz",
      "integrity": "sha512-hW1XBK0ZOEvnrwurqZiQ7+CFW8Olfk82BilNOulQ7LxQ2hQAAg4JBQxs755jVEtqhSAP+oe/yuWEabWtCWLGQw==",
      "requires": {
        "@chakra-ui/clickable": "2.0.2",
        "@chakra-ui/descendant": "3.0.2",
        "@chakra-ui/hooks": "2.0.2",
        "@chakra-ui/popper": "3.0.2",
        "@chakra-ui/react-utils": "2.0.1",
        "@chakra-ui/transition": "2.0.2",
        "@chakra-ui/utils": "2.0.2"
      }
    },
    "@chakra-ui/modal": {
      "version": "2.0.3",
      "resolved": "https://registry.npmjs.org/@chakra-ui/modal/-/modal-2.0.3.tgz",
      "integrity": "sha512-GS1Apvrsr8scM1d/awVgJdcheITja4fMKTKwWljstw7SfAMOPc4skKIg+MzriLvtIialm1WFxOWYfiQ5MKAAcQ==",
      "requires": {
        "@chakra-ui/close-button": "2.0.2",
        "@chakra-ui/focus-lock": "2.0.3",
        "@chakra-ui/hooks": "2.0.2",
        "@chakra-ui/portal": "2.0.2",
        "@chakra-ui/react-utils": "2.0.1",
        "@chakra-ui/transition": "2.0.2",
        "@chakra-ui/utils": "2.0.2",
        "aria-hidden": "^1.1.1",
        "react-remove-scroll": "^2.5.4"
      }
    },
    "@chakra-ui/number-input": {
      "version": "2.0.2",
      "resolved": "https://registry.npmjs.org/@chakra-ui/number-input/-/number-input-2.0.2.tgz",
      "integrity": "sha512-7RT5TMCSPtghX7M2Uy2cruLwO0uYCzIa49tQFDzQ2YCGMuRimzma9i0nuOqQz2yGHxa3C8WJJoO91jPKzCjIbg==",
      "requires": {
        "@chakra-ui/counter": "2.0.2",
        "@chakra-ui/form-control": "2.0.2",
        "@chakra-ui/hooks": "2.0.2",
        "@chakra-ui/icon": "3.0.2",
        "@chakra-ui/react-utils": "2.0.1",
        "@chakra-ui/utils": "2.0.2"
      }
    },
    "@chakra-ui/pin-input": {
      "version": "2.0.3",
      "resolved": "https://registry.npmjs.org/@chakra-ui/pin-input/-/pin-input-2.0.3.tgz",
      "integrity": "sha512-tnISIFno2Nqmh5ZjXyRnUiyuw94xLpFWoVK9tTo/yoR5Llbh58BqRyybOZZpu3DIjuK9qy9M67KBhRdqkOLUFQ==",
      "requires": {
        "@chakra-ui/descendant": "3.0.2",
        "@chakra-ui/hooks": "2.0.2",
        "@chakra-ui/react-utils": "2.0.1",
        "@chakra-ui/utils": "2.0.2"
      }
    },
    "@chakra-ui/popover": {
      "version": "2.0.2",
      "resolved": "https://registry.npmjs.org/@chakra-ui/popover/-/popover-2.0.2.tgz",
      "integrity": "sha512-i9Tsx+gpN470V7eLPng+lVK25DfUdQ44OAzWMUavIiutCtVJknZEPYbSr72JnT4NHBnr7b8rqUBEYq9+36LmlQ==",
      "requires": {
        "@chakra-ui/close-button": "2.0.2",
        "@chakra-ui/hooks": "2.0.2",
        "@chakra-ui/popper": "3.0.2",
        "@chakra-ui/react-utils": "2.0.1",
        "@chakra-ui/utils": "2.0.2"
      }
    },
    "@chakra-ui/popper": {
      "version": "3.0.2",
      "resolved": "https://registry.npmjs.org/@chakra-ui/popper/-/popper-3.0.2.tgz",
      "integrity": "sha512-oEUsaFR4EPY3CvhEVeZNoa+mA/w+TvLlG3xlicIwv/3Fcfl6LD2Jhr6utnqAvHFxE/qRcUcXLX20ovy0Zrgm/Q==",
      "requires": {
        "@chakra-ui/react-utils": "2.0.1",
        "@popperjs/core": "^2.9.3"
      }
    },
    "@chakra-ui/portal": {
      "version": "2.0.2",
      "resolved": "https://registry.npmjs.org/@chakra-ui/portal/-/portal-2.0.2.tgz",
      "integrity": "sha512-bk8P/hxvGbKhEZSI2LAFwk98W7ivff3NwpFOHjsna0uuBPG772mEOXnxsHBsr2moGroMXdBOS++czHn1T3cHhw==",
      "requires": {
        "@chakra-ui/hooks": "2.0.2",
        "@chakra-ui/react-utils": "2.0.1",
        "@chakra-ui/utils": "2.0.2"
      }
    },
    "@chakra-ui/progress": {
      "version": "2.0.2",
      "resolved": "https://registry.npmjs.org/@chakra-ui/progress/-/progress-2.0.2.tgz",
      "integrity": "sha512-nx/aDZGEAnRx6jC4RLbfoXTTEeHoHGVlwBTUx7OKPus+hopBVvXHpA/UH+H8OJ5nq0PJ6XaDPCHc1FTrK+j0aw==",
      "requires": {
        "@chakra-ui/theme-tools": "2.0.2",
        "@chakra-ui/utils": "2.0.2"
      }
    },
    "@chakra-ui/provider": {
      "version": "2.0.6",
      "resolved": "https://registry.npmjs.org/@chakra-ui/provider/-/provider-2.0.6.tgz",
      "integrity": "sha512-EwwFF8ib9L5OYTRJq450Uvk7DqQJA/W6TyBo2f7mUE0j56GmV8ZRdsaXGqqag/aopCS/1n+ZfpQvQr/qNhAQBQ==",
      "requires": {
        "@chakra-ui/css-reset": "2.0.1",
        "@chakra-ui/portal": "2.0.2",
        "@chakra-ui/react-env": "2.0.2",
        "@chakra-ui/system": "2.1.3",
        "@chakra-ui/utils": "2.0.2"
      }
    },
    "@chakra-ui/radio": {
      "version": "2.0.2",
      "resolved": "https://registry.npmjs.org/@chakra-ui/radio/-/radio-2.0.2.tgz",
      "integrity": "sha512-f3YF7sL13qpbiqlFF8eGcL8lZeAmY3ZwqJk8m2v3Ofi0M7Et/CV00E1TxY5kK3tvDtmMXC5lILf5QlHHNgH6wQ==",
      "requires": {
        "@chakra-ui/form-control": "2.0.2",
        "@chakra-ui/hooks": "2.0.2",
        "@chakra-ui/react-utils": "2.0.1",
        "@chakra-ui/utils": "2.0.2",
        "@chakra-ui/visually-hidden": "2.0.2"
      }
    },
    "@chakra-ui/react": {
      "version": "2.2.1",
      "resolved": "https://registry.npmjs.org/@chakra-ui/react/-/react-2.2.1.tgz",
      "integrity": "sha512-m2vFICTUO3GivTkJROnTTJT+w8otcYMraKqOSdrAGmsjqtZAp8/FaGS+1bxzeZnZTszMn65LoLvlgBUDrTHhQA==",
      "requires": {
        "@chakra-ui/accordion": "2.0.3",
        "@chakra-ui/alert": "2.0.2",
        "@chakra-ui/avatar": "2.0.3",
        "@chakra-ui/breadcrumb": "2.0.2",
        "@chakra-ui/button": "2.0.2",
        "@chakra-ui/checkbox": "2.1.0",
        "@chakra-ui/close-button": "2.0.2",
        "@chakra-ui/control-box": "2.0.2",
        "@chakra-ui/counter": "2.0.2",
        "@chakra-ui/css-reset": "2.0.1",
        "@chakra-ui/editable": "2.0.2",
        "@chakra-ui/form-control": "2.0.2",
        "@chakra-ui/hooks": "2.0.2",
        "@chakra-ui/icon": "3.0.2",
        "@chakra-ui/image": "2.0.3",
        "@chakra-ui/input": "2.0.2",
        "@chakra-ui/layout": "2.0.2",
        "@chakra-ui/live-region": "2.0.2",
        "@chakra-ui/media-query": "3.1.0",
        "@chakra-ui/menu": "2.0.3",
        "@chakra-ui/modal": "2.0.3",
        "@chakra-ui/number-input": "2.0.2",
        "@chakra-ui/pin-input": "2.0.3",
        "@chakra-ui/popover": "2.0.2",
        "@chakra-ui/popper": "3.0.2",
        "@chakra-ui/portal": "2.0.2",
        "@chakra-ui/progress": "2.0.2",
        "@chakra-ui/provider": "2.0.6",
        "@chakra-ui/radio": "2.0.2",
        "@chakra-ui/react-env": "2.0.2",
        "@chakra-ui/select": "2.0.2",
        "@chakra-ui/skeleton": "2.0.6",
        "@chakra-ui/slider": "2.0.2",
        "@chakra-ui/spinner": "2.0.2",
        "@chakra-ui/stat": "2.0.2",
        "@chakra-ui/switch": "2.0.3",
        "@chakra-ui/system": "2.1.3",
        "@chakra-ui/table": "2.0.2",
        "@chakra-ui/tabs": "2.0.3",
        "@chakra-ui/tag": "2.0.2",
        "@chakra-ui/textarea": "2.0.3",
        "@chakra-ui/theme": "2.1.0",
        "@chakra-ui/toast": "2.1.0",
        "@chakra-ui/tooltip": "2.0.2",
        "@chakra-ui/transition": "2.0.2",
        "@chakra-ui/utils": "2.0.2",
        "@chakra-ui/visually-hidden": "2.0.2"
      }
    },
    "@chakra-ui/react-env": {
      "version": "2.0.2",
      "resolved": "https://registry.npmjs.org/@chakra-ui/react-env/-/react-env-2.0.2.tgz",
      "integrity": "sha512-iQdc58d1HjfkPi+CEoZNqY77oX94bsWpMie30UYIaTonc9OOH6r1WCGQc8cyQa3jKiX2m9v9IbnxZa9Z0rYrHw==",
      "requires": {
        "@chakra-ui/utils": "2.0.2"
      }
    },
    "@chakra-ui/react-utils": {
      "version": "2.0.1",
      "resolved": "https://registry.npmjs.org/@chakra-ui/react-utils/-/react-utils-2.0.1.tgz",
      "integrity": "sha512-xLiTn7WeUo2e3zvo8zUGpICgIGsLCPpkVbjEKhr1jAV41urqEtwlLc6uGir595OYqAC8zFDqs4HXhHouqNEtiw==",
      "requires": {
        "@chakra-ui/utils": "^2.0.2"
      }
    },
    "@chakra-ui/select": {
      "version": "2.0.2",
      "resolved": "https://registry.npmjs.org/@chakra-ui/select/-/select-2.0.2.tgz",
      "integrity": "sha512-aXYRJFsi3xrcacPI+FDZ1fxRQc9PMFnYXvqTug4I7wIwZUE467vD4G90c6/b/tUzrerDkVcPhHbqFy8ENbrvdA==",
      "requires": {
        "@chakra-ui/form-control": "2.0.2",
        "@chakra-ui/utils": "2.0.2"
      }
    },
    "@chakra-ui/skeleton": {
      "version": "2.0.6",
      "resolved": "https://registry.npmjs.org/@chakra-ui/skeleton/-/skeleton-2.0.6.tgz",
      "integrity": "sha512-nbZEfA7vSxJ8qXM0sb+e/Dh8t2ZcAkjWUzScMvO8FWfblk3wkoeUT0ocTwJ4eDyTzEVBu+ym7Uc+ACZmBheabQ==",
      "requires": {
        "@chakra-ui/hooks": "2.0.2",
        "@chakra-ui/media-query": "3.1.0",
        "@chakra-ui/system": "2.1.3",
        "@chakra-ui/utils": "2.0.2"
      }
    },
    "@chakra-ui/slider": {
      "version": "2.0.2",
      "resolved": "https://registry.npmjs.org/@chakra-ui/slider/-/slider-2.0.2.tgz",
      "integrity": "sha512-aWpjqFGN61fv3dKyBrP6c68MXmkYtZ6jeDWIKkgzc7ntb6Nnf6KDK8seZM0SmQR2F3GIejLt8AgnuIW/UBUa/Q==",
      "requires": {
        "@chakra-ui/hooks": "2.0.2",
        "@chakra-ui/react-utils": "2.0.1",
        "@chakra-ui/utils": "2.0.2"
      }
    },
    "@chakra-ui/spinner": {
      "version": "2.0.2",
      "resolved": "https://registry.npmjs.org/@chakra-ui/spinner/-/spinner-2.0.2.tgz",
      "integrity": "sha512-jC6+pwkCQb5vfGsS/55EhH2UzsToeCvpfXLQ6TPWDPA2NHMTRskilHwKQT/i0nAgRcCq400FvcfIr5uAPs+Igg==",
      "requires": {
        "@chakra-ui/utils": "2.0.2",
        "@chakra-ui/visually-hidden": "2.0.2"
      }
    },
    "@chakra-ui/stat": {
      "version": "2.0.2",
      "resolved": "https://registry.npmjs.org/@chakra-ui/stat/-/stat-2.0.2.tgz",
      "integrity": "sha512-GrQgiof8olOEVFAUtq5GA2cCUJqcSLMpS/6StBFR4fesrg5MAblfVYYY7uayqX/RnJU1BNElLOl/JAQ965LGXw==",
      "requires": {
        "@chakra-ui/icon": "3.0.2",
        "@chakra-ui/utils": "2.0.2",
        "@chakra-ui/visually-hidden": "2.0.2"
      }
    },
    "@chakra-ui/styled-system": {
      "version": "2.2.0",
      "resolved": "https://registry.npmjs.org/@chakra-ui/styled-system/-/styled-system-2.2.0.tgz",
      "integrity": "sha512-5THQlrMr6CsiulNtjzZV3DqYD85eQ+S8G6rsnjAKqFVJ1G29R392RKK/67R96WIRUJRtsHPq2REeTgAxGLDhOQ==",
      "requires": {
        "@chakra-ui/utils": "2.0.2",
        "csstype": "^3.0.11"
      }
    },
    "@chakra-ui/switch": {
      "version": "2.0.3",
      "resolved": "https://registry.npmjs.org/@chakra-ui/switch/-/switch-2.0.3.tgz",
      "integrity": "sha512-k7HLnKBM9GsY/RdqUWqe233QNFa2JtE+G4UyX8BsYLquWOkBfgJvI+f2gSUye1zLS8e1bFwz5BBIljTQMb/Smw==",
      "requires": {
        "@chakra-ui/checkbox": "2.1.0",
        "@chakra-ui/utils": "2.0.2"
      }
    },
    "@chakra-ui/system": {
      "version": "2.1.3",
      "resolved": "https://registry.npmjs.org/@chakra-ui/system/-/system-2.1.3.tgz",
      "integrity": "sha512-f9GfJr7HGxxhyAbXmka/k/mPsLl8wl+5fZUWglfRg4iddmsuYQcJEYg8+ewCyr7MA1Ddw9bPVgsC5uf/KYlo3w==",
      "requires": {
        "@chakra-ui/color-mode": "2.0.4",
        "@chakra-ui/react-utils": "2.0.1",
        "@chakra-ui/styled-system": "2.2.0",
        "@chakra-ui/utils": "2.0.2",
        "react-fast-compare": "3.2.0"
      }
    },
    "@chakra-ui/table": {
      "version": "2.0.2",
      "resolved": "https://registry.npmjs.org/@chakra-ui/table/-/table-2.0.2.tgz",
      "integrity": "sha512-VkcXAmvNlhWXZ5qPUAVqW4DKARSNdCN4Ib8ViiX8lXqBUHK+IBAe2s6iB70FwzdaPqwrw2LndqRrLg/4w4FE3w==",
      "requires": {
        "@chakra-ui/utils": "2.0.2"
      }
    },
    "@chakra-ui/tabs": {
      "version": "2.0.3",
      "resolved": "https://registry.npmjs.org/@chakra-ui/tabs/-/tabs-2.0.3.tgz",
      "integrity": "sha512-iBi7hSiNv7y9Zu0eR0b4SCBdKoY/5aOKhToZIm0iv5qJPunN3ap3zVAHL36ucPAIv19rC0GaOwqLsNQErMkMYQ==",
      "requires": {
        "@chakra-ui/clickable": "2.0.2",
        "@chakra-ui/descendant": "3.0.2",
        "@chakra-ui/hooks": "2.0.2",
        "@chakra-ui/react-utils": "2.0.1",
        "@chakra-ui/utils": "2.0.2"
      }
    },
    "@chakra-ui/tag": {
      "version": "2.0.2",
      "resolved": "https://registry.npmjs.org/@chakra-ui/tag/-/tag-2.0.2.tgz",
      "integrity": "sha512-/TqjwPNTUjDofvTEulrNELS6/ls1n54YMFXMwGNwrEbNlJPgoE555t1N3jpdoNKH4kLhvkFcC6lfkDdWwnZ1BA==",
      "requires": {
        "@chakra-ui/icon": "3.0.2",
        "@chakra-ui/utils": "2.0.2"
      }
    },
    "@chakra-ui/textarea": {
      "version": "2.0.3",
      "resolved": "https://registry.npmjs.org/@chakra-ui/textarea/-/textarea-2.0.3.tgz",
      "integrity": "sha512-esOJa0vSrSsgDJGjPAbnPNPvemN1QUKYFYLFTOM/LR6BzI21EL8PX4Bh3AJM6aJK0GjeR0+SeKMuuuLL4oFnmw==",
      "requires": {
        "@chakra-ui/form-control": "2.0.2",
        "@chakra-ui/utils": "2.0.2"
      }
    },
    "@chakra-ui/theme": {
      "version": "2.1.0",
      "resolved": "https://registry.npmjs.org/@chakra-ui/theme/-/theme-2.1.0.tgz",
      "integrity": "sha512-OHvKCQ/QUHc3ZVgKKshYkvholiDhPf7vEPZcNOi5rnaFSP4PzWd00d1i7HOXYSyv/TGDOBRzs1IcodKfG6FzgA==",
      "requires": {
        "@chakra-ui/anatomy": "2.0.1",
        "@chakra-ui/theme-tools": "2.0.2",
        "@chakra-ui/utils": "2.0.2"
      }
    },
    "@chakra-ui/theme-tools": {
      "version": "2.0.2",
      "resolved": "https://registry.npmjs.org/@chakra-ui/theme-tools/-/theme-tools-2.0.2.tgz",
      "integrity": "sha512-E01ZJZB4XVqkvn2hOXKQ/uVkvaPLQN1SyxAYXjFZGyZ1ppBLl362EWfY9IgWNzDITgq9MCJyQFfm2mXwQDUNzA==",
      "requires": {
        "@chakra-ui/utils": "2.0.2",
        "@ctrl/tinycolor": "^3.4.0"
      }
    },
    "@chakra-ui/toast": {
      "version": "2.1.0",
      "resolved": "https://registry.npmjs.org/@chakra-ui/toast/-/toast-2.1.0.tgz",
      "integrity": "sha512-xXgwzff/gtNrq2HGGG3fuqcfRQEIObluHzHhqgS3gesf8KYut/5ZJoLdgV4RKE+NYgJIi77BFUcQDiLJttxxPA==",
      "requires": {
        "@chakra-ui/alert": "2.0.2",
        "@chakra-ui/close-button": "2.0.2",
        "@chakra-ui/hooks": "2.0.2",
        "@chakra-ui/portal": "2.0.2",
        "@chakra-ui/react-utils": "2.0.1",
        "@chakra-ui/system": "2.1.3",
        "@chakra-ui/theme": "2.1.0",
        "@chakra-ui/transition": "2.0.2",
        "@chakra-ui/utils": "2.0.2"
      }
    },
    "@chakra-ui/tooltip": {
      "version": "2.0.2",
      "resolved": "https://registry.npmjs.org/@chakra-ui/tooltip/-/tooltip-2.0.2.tgz",
      "integrity": "sha512-oK6gXybFe/MmHBXbd9w3XgNChVHQ9BeLW0IAtFeDyeHn5gJg0iKul/SNmJkD73Iyv/j+BsmBMn98mbNYQkeMQA==",
      "requires": {
        "@chakra-ui/hooks": "2.0.2",
        "@chakra-ui/popper": "3.0.2",
        "@chakra-ui/portal": "2.0.2",
        "@chakra-ui/react-utils": "2.0.1",
        "@chakra-ui/utils": "2.0.2",
        "@chakra-ui/visually-hidden": "2.0.2"
      }
    },
    "@chakra-ui/transition": {
      "version": "2.0.2",
      "resolved": "https://registry.npmjs.org/@chakra-ui/transition/-/transition-2.0.2.tgz",
      "integrity": "sha512-s98gDFIGbv60WMyniVjy381NXxgS1Y/6RACR1Z1pReC5XZLY5GyMqeRYyFCAeE78qKkqon77Y8EDPQXl6X78dw==",
      "requires": {
        "@chakra-ui/utils": "2.0.2"
      }
    },
    "@chakra-ui/utils": {
      "version": "2.0.2",
      "resolved": "https://registry.npmjs.org/@chakra-ui/utils/-/utils-2.0.2.tgz",
      "integrity": "sha512-9AC/ir9zm0shgFG7kdzOKUH2Wx5VB71M3uRMEsMZf75YlhhiU7AvBNtWXnJu+CBiTi41rKa5A+2ImMOsuPfGbA==",
      "requires": {
        "@types/lodash.mergewith": "4.6.6",
        "css-box-model": "1.2.1",
        "framesync": "5.3.0",
        "lodash.mergewith": "4.6.2"
      }
    },
    "@chakra-ui/visually-hidden": {
      "version": "2.0.2",
      "resolved": "https://registry.npmjs.org/@chakra-ui/visually-hidden/-/visually-hidden-2.0.2.tgz",
      "integrity": "sha512-zYeLzaeouPbBBPDBAdRwj+jyxLJbtU6vW6r4kSQKfHoQPxJ+1A1HxRmDrj4FZJXk0CnBc4m7HF6Zuy7A5eCokg==",
      "requires": {
        "@chakra-ui/utils": "2.0.2"
      }
    },
    "@ctrl/tinycolor": {
      "version": "3.4.1",
      "resolved": "https://registry.npmjs.org/@ctrl/tinycolor/-/tinycolor-3.4.1.tgz",
      "integrity": "sha512-ej5oVy6lykXsvieQtqZxCOaLT+xD4+QNarq78cIYISHmZXshCvROLudpQN3lfL8G0NL7plMSSK+zlyvCaIJ4Iw=="
    },
    "@popperjs/core": {
      "version": "2.11.5",
      "resolved": "https://registry.npmjs.org/@popperjs/core/-/core-2.11.5.tgz",
      "integrity": "sha512-9X2obfABZuDVLCgPK9aX0a/x4jaOEweTTWE2+9sr0Qqqevj2Uv5XorvusThmc9XGYpS9yI+fhh8RTafBtGposw=="
    },
    "@types/lodash": {
      "version": "4.14.182",
      "resolved": "https://registry.npmjs.org/@types/lodash/-/lodash-4.14.182.tgz",
      "integrity": "sha512-/THyiqyQAP9AfARo4pF+aCGcyiQ94tX/Is2I7HofNRqoYLgN1PBoOWu2/zTA5zMxzP5EFutMtWtGAFRKUe961Q=="
    },
    "@types/lodash.mergewith": {
      "version": "4.6.6",
      "resolved": "https://registry.npmjs.org/@types/lodash.mergewith/-/lodash.mergewith-4.6.6.tgz",
      "integrity": "sha512-RY/8IaVENjG19rxTZu9Nukqh0W2UrYgmBj5sdns4hWRZaV8PqR7wIKHFKzvOTjo4zVRV7sVI+yFhAJql12Kfqg==",
      "requires": {
        "@types/lodash": "*"
      }
    },
    "@zag-js/focus-visible": {
      "version": "0.1.0",
      "resolved": "https://registry.npmjs.org/@zag-js/focus-visible/-/focus-visible-0.1.0.tgz",
      "integrity": "sha512-PeaBcTmdZWcFf7n1aM+oiOdZc+sy14qi0emPIeUuGMTjbP0xLGrZu43kdpHnWSXy7/r4Ubp/vlg50MCV8+9Isg=="
    },
    "aria-hidden": {
      "version": "1.1.3",
      "resolved": "https://registry.npmjs.org/aria-hidden/-/aria-hidden-1.1.3.tgz",
      "integrity": "sha512-RhVWFtKH5BiGMycI72q2RAFMLQi8JP9bLuQXgR5a8Znp7P5KOIADSJeyfI8PCVxLEp067B2HbP5JIiI/PXIZeA==",
      "requires": {
        "tslib": "^1.0.0"
      },
      "dependencies": {
        "tslib": {
          "version": "1.14.1",
          "resolved": "https://registry.npmjs.org/tslib/-/tslib-1.14.1.tgz",
          "integrity": "sha512-Xni35NKzjgMrwevysHTCArtLDpPvye8zV/0E4EyYn43P7/7qvQwPh9BGkHewbMulVntbigmcT7rdX3BNo9wRJg=="
        }
      }
    },
    "compute-scroll-into-view": {
      "version": "1.0.14",
      "resolved": "https://registry.npmjs.org/compute-scroll-into-view/-/compute-scroll-into-view-1.0.14.tgz",
      "integrity": "sha512-mKDjINe3tc6hGelUMNDzuhorIUZ7kS7BwyY0r2wQd2HOH2tRuJykiC06iSEX8y1TuhNzvz4GcJnK16mM2J1NMQ=="
    },
    "copy-to-clipboard": {
      "version": "3.3.1",
      "resolved": "https://registry.npmjs.org/copy-to-clipboard/-/copy-to-clipboard-3.3.1.tgz",
      "integrity": "sha512-i13qo6kIHTTpCm8/Wup+0b1mVWETvu2kIMzKoK8FpkLkFxlt0znUAHcMzox+T8sPlqtZXq3CulEjQHsYiGFJUw==",
      "requires": {
        "toggle-selection": "^1.0.6"
      }
    },
    "css-box-model": {
      "version": "1.2.1",
      "resolved": "https://registry.npmjs.org/css-box-model/-/css-box-model-1.2.1.tgz",
      "integrity": "sha512-a7Vr4Q/kd/aw96bnJG332W9V9LkJO69JRcaCYDUqjp6/z0w6VcZjgAcTbgFxEPfBgdnAwlh3iwu+hLopa+flJw==",
      "requires": {
        "tiny-invariant": "^1.0.6"
      }
    },
    "csstype": {
      "version": "3.1.0",
      "resolved": "https://registry.npmjs.org/csstype/-/csstype-3.1.0.tgz",
      "integrity": "sha512-uX1KG+x9h5hIJsaKR9xHUeUraxf8IODOwq9JLNPq6BwB04a/xgpq3rcx47l5BZu5zBPlgD342tdke3Hom/nJRA=="
    },
    "detect-node-es": {
      "version": "1.1.0",
      "resolved": "https://registry.npmjs.org/detect-node-es/-/detect-node-es-1.1.0.tgz",
      "integrity": "sha512-ypdmJU/TbBby2Dxibuv7ZLW3Bs1QEmM7nHjEANfohJLvE0XVujisn1qPJcZxg+qDucsr+bP6fLD1rPS3AhJ7EQ=="
    },
    "focus-lock": {
      "version": "0.11.2",
      "resolved": "https://registry.npmjs.org/focus-lock/-/focus-lock-0.11.2.tgz",
      "integrity": "sha512-pZ2bO++NWLHhiKkgP1bEXHhR1/OjVcSvlCJ98aNJDFeb7H5OOQaO+SKOZle6041O9rv2tmbrO4JzClAvDUHf0g==",
      "requires": {
        "tslib": "^2.0.3"
      }
    },
    "framesync": {
      "version": "5.3.0",
      "resolved": "https://registry.npmjs.org/framesync/-/framesync-5.3.0.tgz",
      "integrity": "sha512-oc5m68HDO/tuK2blj7ZcdEBRx3p1PjrgHazL8GYEpvULhrtGIFbQArN6cQS2QhW8mitffaB+VYzMjDqBxxQeoA==",
      "requires": {
        "tslib": "^2.1.0"
      }
    },
    "get-nonce": {
      "version": "1.0.1",
      "resolved": "https://registry.npmjs.org/get-nonce/-/get-nonce-1.0.1.tgz",
      "integrity": "sha512-FJhYRoDaiatfEkUK8HKlicmu/3SGFD51q3itKDGoSTysQJBnfOcxU5GxnhE1E6soB76MbT0MBtnKJuXyAx+96Q=="
    },
    "invariant": {
      "version": "2.2.4",
      "resolved": "https://registry.npmjs.org/invariant/-/invariant-2.2.4.tgz",
      "integrity": "sha512-phJfQVBuaJM5raOpJjSfkiD6BpbCE4Ns//LaXl6wGYtUBY83nWS6Rf9tXm2e8VaK60JEjYldbPif/A2B1C2gNA==",
      "requires": {
        "loose-envify": "^1.0.0"
      }
    },
    "js-tokens": {
      "version": "4.0.0",
      "resolved": "https://registry.npmjs.org/js-tokens/-/js-tokens-4.0.0.tgz",
      "integrity": "sha512-RdJUflcE3cUzKiMqQgsCu06FPu9UdIJO0beYbPhHN4k6apgJtifcoCtT9bcxOpYBtpD2kCM6Sbzg4CausW/PKQ=="
    },
    "lodash.mergewith": {
      "version": "4.6.2",
      "resolved": "https://registry.npmjs.org/lodash.mergewith/-/lodash.mergewith-4.6.2.tgz",
      "integrity": "sha512-GK3g5RPZWTRSeLSpgP8Xhra+pnjBC56q9FZYe1d5RN3TJ35dbkGy3YqBSMbyCrlbi+CM9Z3Jk5yTL7RCsqboyQ=="
    },
    "loose-envify": {
      "version": "1.4.0",
      "resolved": "https://registry.npmjs.org/loose-envify/-/loose-envify-1.4.0.tgz",
      "integrity": "sha512-lyuxPGr/Wfhrlem2CL/UcnUc1zcqKAImBDzukY7Y5F/yQiNdko6+fRLevlw1HgMySw7f611UIY408EtxRSoK3Q==",
      "requires": {
        "js-tokens": "^3.0.0 || ^4.0.0"
      }
    },
    "object-assign": {
      "version": "4.1.1",
      "resolved": "https://registry.npmjs.org/object-assign/-/object-assign-4.1.1.tgz",
      "integrity": "sha512-rJgTQnkUnH1sFw8yT6VSU3zD3sWmu6sZhIseY8VX+GRu3P6F7Fu+JNDoXfklElbLJSnc3FUQHVe4cU5hj+BcUg=="
    },
    "prop-types": {
      "version": "15.8.1",
      "resolved": "https://registry.npmjs.org/prop-types/-/prop-types-15.8.1.tgz",
      "integrity": "sha512-oj87CgZICdulUohogVAR7AjlC0327U4el4L6eAvOqCeudMDVU0NThNaV+b9Df4dXgSP1gXMTnPdhfe/2qDH5cg==",
      "requires": {
        "loose-envify": "^1.4.0",
        "object-assign": "^4.1.1",
        "react-is": "^16.13.1"
      }
    },
    "react-clientside-effect": {
      "version": "1.2.6",
      "resolved": "https://registry.npmjs.org/react-clientside-effect/-/react-clientside-effect-1.2.6.tgz",
      "integrity": "sha512-XGGGRQAKY+q25Lz9a/4EPqom7WRjz3z9R2k4jhVKA/puQFH/5Nt27vFZYql4m4NVNdUvX8PS3O7r/Zzm7cjUlg==",
      "requires": {
        "@babel/runtime": "^7.12.13"
      }
    },
    "react-fast-compare": {
      "version": "3.2.0",
      "resolved": "https://registry.npmjs.org/react-fast-compare/-/react-fast-compare-3.2.0.tgz",
      "integrity": "sha512-rtGImPZ0YyLrscKI9xTpV8psd6I8VAtjKCzQDlzyDvqJA8XOW78TXYQwNRNd8g8JZnDu8q9Fu/1v4HPAVwVdHA=="
    },
    "react-focus-lock": {
      "version": "2.9.1",
      "resolved": "https://registry.npmjs.org/react-focus-lock/-/react-focus-lock-2.9.1.tgz",
      "integrity": "sha512-pSWOQrUmiKLkffPO6BpMXN7SNKXMsuOakl652IBuALAu1esk+IcpJyM+ALcYzPTTFz1rD0R54aB9A4HuP5t1Wg==",
      "requires": {
        "@babel/runtime": "^7.0.0",
        "focus-lock": "^0.11.2",
        "prop-types": "^15.6.2",
        "react-clientside-effect": "^1.2.6",
        "use-callback-ref": "^1.3.0",
        "use-sidecar": "^1.1.2"
      }
    },
    "react-is": {
      "version": "16.13.1",
      "resolved": "https://registry.npmjs.org/react-is/-/react-is-16.13.1.tgz",
      "integrity": "sha512-24e6ynE2H+OKt4kqsOvNd8kBpV65zoxbA4BVsEOB3ARVWQki/DHzaUoC5KuON/BiccDaCCTZBuOcfZs70kR8bQ=="
    },
    "react-remove-scroll": {
      "version": "2.5.4",
      "resolved": "https://registry.npmjs.org/react-remove-scroll/-/react-remove-scroll-2.5.4.tgz",
      "integrity": "sha512-xGVKJJr0SJGQVirVFAUZ2k1QLyO6m+2fy0l8Qawbp5Jgrv3DeLalrfMNBFSlmz5kriGGzsVBtGVnf4pTKIhhWA==",
      "requires": {
        "react-remove-scroll-bar": "^2.3.3",
        "react-style-singleton": "^2.2.1",
        "tslib": "^2.1.0",
        "use-callback-ref": "^1.3.0",
        "use-sidecar": "^1.1.2"
      }
    },
    "react-remove-scroll-bar": {
      "version": "2.3.3",
      "resolved": "https://registry.npmjs.org/react-remove-scroll-bar/-/react-remove-scroll-bar-2.3.3.tgz",
      "integrity": "sha512-i9GMNWwpz8XpUpQ6QlevUtFjHGqnPG4Hxs+wlIJntu/xcsZVEpJcIV71K3ZkqNy2q3GfgvkD7y6t/Sv8ofYSbw==",
      "requires": {
        "react-style-singleton": "^2.2.1",
        "tslib": "^2.0.0"
      }
    },
    "react-style-singleton": {
      "version": "2.2.1",
      "resolved": "https://registry.npmjs.org/react-style-singleton/-/react-style-singleton-2.2.1.tgz",
      "integrity": "sha512-ZWj0fHEMyWkHzKYUr2Bs/4zU6XLmq9HsgBURm7g5pAVfyn49DgUiNgY2d4lXRlYSiCif9YBGpQleewkcqddc7g==",
      "requires": {
        "get-nonce": "^1.0.0",
        "invariant": "^2.2.4",
        "tslib": "^2.0.0"
      }
    },
    "regenerator-runtime": {
      "version": "0.13.9",
      "resolved": "https://registry.npmjs.org/regenerator-runtime/-/regenerator-runtime-0.13.9.tgz",
      "integrity": "sha512-p3VT+cOEgxFsRRA9X4lkI1E+k2/CtnKtU4gcxyaCUreilL/vqI6CdZ3wxVUx3UOUg+gnUOQQcRI7BmSI656MYA=="
    },
    "tiny-invariant": {
      "version": "1.2.0",
      "resolved": "https://registry.npmjs.org/tiny-invariant/-/tiny-invariant-1.2.0.tgz",
      "integrity": "sha512-1Uhn/aqw5C6RI4KejVeTg6mIS7IqxnLJ8Mv2tV5rTc0qWobay7pDUz6Wi392Cnc8ak1H0F2cjoRzb2/AW4+Fvg=="
    },
    "toggle-selection": {
      "version": "1.0.6",
      "resolved": "https://registry.npmjs.org/toggle-selection/-/toggle-selection-1.0.6.tgz",
      "integrity": "sha1-bkWxJj8gF/oKzH2J14sVuL932jI="
    },
    "tslib": {
      "version": "2.4.0",
      "resolved": "https://registry.npmjs.org/tslib/-/tslib-2.4.0.tgz",
      "integrity": "sha512-d6xOpEDfsi2CZVlPQzGeux8XMwLT9hssAsaPYExaQMuYskwb+x1x7J371tWlbBdWHroy99KnVB6qIkUbs5X3UQ=="
    },
    "use-callback-ref": {
      "version": "1.3.0",
      "resolved": "https://registry.npmjs.org/use-callback-ref/-/use-callback-ref-1.3.0.tgz",
      "integrity": "sha512-3FT9PRuRdbB9HfXhEq35u4oZkvpJ5kuYbpqhCfmiZyReuRgpnhDlbr2ZEnnuS0RrJAPn6l23xjFg9kpDM+Ms7w==",
      "requires": {
        "tslib": "^2.0.0"
      }
    },
    "use-sidecar": {
      "version": "1.1.2",
      "resolved": "https://registry.npmjs.org/use-sidecar/-/use-sidecar-1.1.2.tgz",
      "integrity": "sha512-epTbsLuzZ7lPClpz2TyryBfztm7m+28DlEv2ZCQ3MDr5ssiwyOwGH/e5F9CkfWjJ1t4clvI58yF822/GUkjjhw==",
      "requires": {
        "detect-node-es": "^1.1.0",
        "tslib": "^2.0.0"
      }
    }
  }
}
